
Microsoft Visual Studio Solution File, Format Version 12.00
# Visual Studio Version 17
VisualStudioVersion = 17.12.35527.113
MinimumVisualStudioVersion = 10.0.40219.1
Project("{2150E333-8FDC-42A3-9474-1A3956D46DE8}") = "src", "src", "{EFA0A703-5886-4AE9-8A5F-C12A49724BAD}"
EndProject
Project("{2150E333-8FDC-42A3-9474-1A3956D46DE8}") = "test", "test", "{7B48B6DD-AE48-432C-B096-FB6EAC256135}"
EndProject
Project("{2150E333-8FDC-42A3-9474-1A3956D46DE8}") = "Solution items", "Solution items", "{EDA39A4A-614D-4BB3-A4DD-61FADAB84961}"
	ProjectSection(SolutionItems) = preProject
		.editorconfig = .editorconfig
		Directory.Build.props = Directory.Build.props
	EndProjectSection
EndProject
Project("{FAE04EC0-301F-11D3-BF4B-00C04F79EFBC}") = "DemoCICD.API", "src\DemoCICD.API\DemoCICD.API.csproj", "{A5FA9B55-D91F-4183-B7C0-63A35D077A28}"
EndProject
Project("{FAE04EC0-301F-11D3-BF4B-00C04F79EFBC}") = "DemoCICD.Domain", "src\DemoCICD.Domain\DemoCICD.Domain.csproj", "{7BBCFB3B-219B-4D7F-962D-23210A954FCC}"
EndProject
Project("{FAE04EC0-301F-11D3-BF4B-00C04F79EFBC}") = "DemoCICD.Application", "src\DemoCICD.Application\DemoCICD.Application.csproj", "{E8C833C3-8BD7-4876-8474-0BCA405529EC}"
EndProject
Project("{FAE04EC0-301F-11D3-BF4B-00C04F79EFBC}") = "DemoCICD.Infrastructure", "src\DemoCICD.Infrastructure\DemoCICD.Infrastructure.csproj", "{E2546BF8-1162-40D3-A18D-5314AB7C29CD}"
EndProject
Project("{FAE04EC0-301F-11D3-BF4B-00C04F79EFBC}") = "DemoCICD.Presentation", "src\DemoCICD.Presentation\DemoCICD.Presentation.csproj", "{9EE64F59-31D9-4E03-8D4E-D947139C2A93}"
EndProject
Project("{FAE04EC0-301F-11D3-BF4B-00C04F79EFBC}") = "DemoCICD.Persistence", "src\DemoCICD.Persistence\DemoCICD.Persistence.csproj", "{C6FA092E-866E-4CE7-A571-229E9DD6B2EB}"
EndProject
Project("{FAE04EC0-301F-11D3-BF4B-00C04F79EFBC}") = "DemoCICD.Architecture.Tests", "test\DemoCICD.Architecture.Tests\DemoCICD.Architecture.Tests.csproj", "{67780AE4-910B-4139-AB28-56BDE2605370}"
EndProject
Project("{FAE04EC0-301F-11D3-BF4B-00C04F79EFBC}") = "DemoCICD.Contract", "src\DemoCICD.Contract\DemoCICD.Contract.csproj", "{580E534F-9977-417F-9C81-88C1793BE3C2}"
EndProject
Global
	GlobalSection(SolutionConfigurationPlatforms) = preSolution
		Debug|Any CPU = Debug|Any CPU
		Release|Any CPU = Release|Any CPU
	EndGlobalSection
	GlobalSection(ProjectConfigurationPlatforms) = postSolution
		{A5FA9B55-D91F-4183-B7C0-63A35D077A28}.Debug|Any CPU.ActiveCfg = Debug|Any CPU
		{A5FA9B55-D91F-4183-B7C0-63A35D077A28}.Debug|Any CPU.Build.0 = Debug|Any CPU
		{A5FA9B55-D91F-4183-B7C0-63A35D077A28}.Release|Any CPU.ActiveCfg = Release|Any CPU
		{A5FA9B55-D91F-4183-B7C0-63A35D077A28}.Release|Any CPU.Build.0 = Release|Any CPU
		{7BBCFB3B-219B-4D7F-962D-23210A954FCC}.Debug|Any CPU.ActiveCfg = Debug|Any CPU
		{7BBCFB3B-219B-4D7F-962D-23210A954FCC}.Debug|Any CPU.Build.0 = Debug|Any CPU
		{7BBCFB3B-219B-4D7F-962D-23210A954FCC}.Release|Any CPU.ActiveCfg = Release|Any CPU
		{7BBCFB3B-219B-4D7F-962D-23210A954FCC}.Release|Any CPU.Build.0 = Release|Any CPU
		{E8C833C3-8BD7-4876-8474-0BCA405529EC}.Debug|Any CPU.ActiveCfg = Debug|Any CPU
		{E8C833C3-8BD7-4876-8474-0BCA405529EC}.Debug|Any CPU.Build.0 = Debug|Any CPU
		{E8C833C3-8BD7-4876-8474-0BCA405529EC}.Release|Any CPU.ActiveCfg = Release|Any CPU
		{E8C833C3-8BD7-4876-8474-0BCA405529EC}.Release|Any CPU.Build.0 = Release|Any CPU
		{E2546BF8-1162-40D3-A18D-5314AB7C29CD}.Debug|Any CPU.ActiveCfg = Debug|Any CPU
		{E2546BF8-1162-40D3-A18D-5314AB7C29CD}.Debug|Any CPU.Build.0 = Debug|Any CPU
		{E2546BF8-1162-40D3-A18D-5314AB7C29CD}.Release|Any CPU.ActiveCfg = Release|Any CPU
		{E2546BF8-1162-40D3-A18D-5314AB7C29CD}.Release|Any CPU.Build.0 = Release|Any CPU
		{9EE64F59-31D9-4E03-8D4E-D947139C2A93}.Debug|Any CPU.ActiveCfg = Debug|Any CPU
		{9EE64F59-31D9-4E03-8D4E-D947139C2A93}.Debug|Any CPU.Build.0 = Debug|Any CPU
		{9EE64F59-31D9-4E03-8D4E-D947139C2A93}.Release|Any CPU.ActiveCfg = Release|Any CPU
		{9EE64F59-31D9-4E03-8D4E-D947139C2A93}.Release|Any CPU.Build.0 = Release|Any CPU
		{C6FA092E-866E-4CE7-A571-229E9DD6B2EB}.Debug|Any CPU.ActiveCfg = Debug|Any CPU
		{C6FA092E-866E-4CE7-A571-229E9DD6B2EB}.Debug|Any CPU.Build.0 = Debug|Any CPU
		{C6FA092E-866E-4CE7-A571-229E9DD6B2EB}.Release|Any CPU.ActiveCfg = Release|Any CPU
		{C6FA092E-866E-4CE7-A571-229E9DD6B2EB}.Release|Any CPU.Build.0 = Release|Any CPU
		{67780AE4-910B-4139-AB28-56BDE2605370}.Debug|Any CPU.ActiveCfg = Debug|Any CPU
		{67780AE4-910B-4139-AB28-56BDE2605370}.Debug|Any CPU.Build.0 = Debug|Any CPU
		{67780AE4-910B-4139-AB28-56BDE2605370}.Release|Any CPU.ActiveCfg = Release|Any CPU
		{67780AE4-910B-4139-AB28-56BDE2605370}.Release|Any CPU.Build.0 = Release|Any CPU
		{580E534F-9977-417F-9C81-88C1793BE3C2}.Debug|Any CPU.ActiveCfg = Debug|Any CPU
		{580E534F-9977-417F-9C81-88C1793BE3C2}.Debug|Any CPU.Build.0 = Debug|Any CPU
		{580E534F-9977-417F-9C81-88C1793BE3C2}.Release|Any CPU.ActiveCfg = Release|Any CPU
		{580E534F-9977-417F-9C81-88C1793BE3C2}.Release|Any CPU.Build.0 = Release|Any CPU
	EndGlobalSection
	GlobalSection(SolutionProperties) = preSolution
		HideSolutionNode = FALSE
	EndGlobalSection
	GlobalSection(NestedProjects) = preSolution
		{A5FA9B55-D91F-4183-B7C0-63A35D077A28} = {EFA0A703-5886-4AE9-8A5F-C12A49724BAD}
		{7BBCFB3B-219B-4D7F-962D-23210A954FCC} = {EFA0A703-5886-4AE9-8A5F-C12A49724BAD}
		{E8C833C3-8BD7-4876-8474-0BCA405529EC} = {EFA0A703-5886-4AE9-8A5F-C12A49724BAD}
		{E2546BF8-1162-40D3-A18D-5314AB7C29CD} = {EFA0A703-5886-4AE9-8A5F-C12A49724BAD}
		{9EE64F59-31D9-4E03-8D4E-D947139C2A93} = {EFA0A703-5886-4AE9-8A5F-C12A49724BAD}
		{C6FA092E-866E-4CE7-A571-229E9DD6B2EB} = {EFA0A703-5886-4AE9-8A5F-C12A49724BAD}
		{67780AE4-910B-4139-AB28-56BDE2605370} = {7B48B6DD-AE48-432C-B096-FB6EAC256135}
		{580E534F-9977-417F-9C81-88C1793BE3C2} = {EFA0A703-5886-4AE9-8A5F-C12A49724BAD}
	EndGlobalSection
EndGlobal
